
Microsoft Visual Studio Solution File, Format Version 12.00
# Visual Studio Version 16
VisualStudioVersion = 16.0.30804.86
MinimumVisualStudioVersion = 10.0.40219.1
Project("{FAE04EC0-301F-11D3-BF4B-00C04F79EFBC}") = "ACM.BL", "ACM.BL\ACM.BL.csproj", "{F2A2A94C-3581-42BC-8B48-8A1C8AEA3E8B}"
EndProject
Project("{2150E333-8FDC-42A3-9474-1A3956D46DE8}") = "Tests", "Tests", "{0F90F875-DE73-444B-A8D8-D8539689BA89}"
EndProject
Project("{FAE04EC0-301F-11D3-BF4B-00C04F79EFBC}") = "ACM.BLTest", "Tests\ACM.BLTest\ACM.BLTest.csproj", "{AD42325D-1A2E-46DB-90B3-FE9A78BA6A55}"
EndProject
Project("{FAE04EC0-301F-11D3-BF4B-00C04F79EFBC}") = "Acme.Common", "Acme.Common\Acme.Common.csproj", "{CEB912DD-E972-4E8A-9C93-13C82A250F97}"
EndProject
Project("{FAE04EC0-301F-11D3-BF4B-00C04F79EFBC}") = "Acme.CommonTest", "Tests\Acme.CommonTest\Acme.CommonTest.csproj", "{0A246F4B-BC28-49D9-9CAD-DAC51968212B}"
EndProject
Global
	GlobalSection(SolutionConfigurationPlatforms) = preSolution
		Debug|Any CPU = Debug|Any CPU
		Release|Any CPU = Release|Any CPU
	EndGlobalSection
	GlobalSection(ProjectConfigurationPlatforms) = postSolution
		{F2A2A94C-3581-42BC-8B48-8A1C8AEA3E8B}.Debug|Any CPU.ActiveCfg = Debug|Any CPU
		{F2A2A94C-3581-42BC-8B48-8A1C8AEA3E8B}.Debug|Any CPU.Build.0 = Debug|Any CPU
		{F2A2A94C-3581-42BC-8B48-8A1C8AEA3E8B}.Release|Any CPU.ActiveCfg = Release|Any CPU
		{F2A2A94C-3581-42BC-8B48-8A1C8AEA3E8B}.Release|Any CPU.Build.0 = Release|Any CPU
		{AD42325D-1A2E-46DB-90B3-FE9A78BA6A55}.Debug|Any CPU.ActiveCfg = Debug|Any CPU
		{AD42325D-1A2E-46DB-90B3-FE9A78BA6A55}.Debug|Any CPU.Build.0 = Debug|Any CPU
		{AD42325D-1A2E-46DB-90B3-FE9A78BA6A55}.Release|Any CPU.ActiveCfg = Release|Any CPU
		{AD42325D-1A2E-46DB-90B3-FE9A78BA6A55}.Release|Any CPU.Build.0 = Release|Any CPU
		{CEB912DD-E972-4E8A-9C93-13C82A250F97}.Debug|Any CPU.ActiveCfg = Debug|Any CPU
		{CEB912DD-E972-4E8A-9C93-13C82A250F97}.Debug|Any CPU.Build.0 = Debug|Any CPU
		{CEB912DD-E972-4E8A-9C93-13C82A250F97}.Release|Any CPU.ActiveCfg = Release|Any CPU
		{CEB912DD-E972-4E8A-9C93-13C82A250F97}.Release|Any CPU.Build.0 = Release|Any CPU
		{0A246F4B-BC28-49D9-9CAD-DAC51968212B}.Debug|Any CPU.ActiveCfg = Debug|Any CPU
		{0A246F4B-BC28-49D9-9CAD-DAC51968212B}.Debug|Any CPU.Build.0 = Debug|Any CPU
		{0A246F4B-BC28-49D9-9CAD-DAC51968212B}.Release|Any CPU.ActiveCfg = Release|Any CPU
		{0A246F4B-BC28-49D9-9CAD-DAC51968212B}.Release|Any CPU.Build.0 = Release|Any CPU
	EndGlobalSection
	GlobalSection(SolutionProperties) = preSolution
		HideSolutionNode = FALSE
	EndGlobalSection
	GlobalSection(NestedProjects) = preSolution
		{AD42325D-1A2E-46DB-90B3-FE9A78BA6A55} = {0F90F875-DE73-444B-A8D8-D8539689BA89}
	EndGlobalSection
	GlobalSection(ExtensibilityGlobals) = postSolution
		SolutionGuid = {80AF018E-1934-4372-B3F0-96CE735F43D1}
	EndGlobalSection
EndGlobal
